
Microsoft Visual Studio Solution File, Format Version 12.00
# Visual Studio Version 17
VisualStudioVersion = 17.11.35219.272
MinimumVisualStudioVersion = 10.0.40219.1
Project("{9A19103F-16F7-4668-BE54-9A1E7A4F7556}") = "function-app-fallback", "function-app-fallback.csproj", "{DB90B668-7502-4CFB-BD1F-CE7F7C968761}"
EndProject
Global
	GlobalSection(SolutionConfigurationPlatforms) = preSolution
		Debug|Any CPU = Debug|Any CPU
		Release|Any CPU = Release|Any CPU
	EndGlobalSection
	GlobalSection(ProjectConfigurationPlatforms) = postSolution
		{DB90B668-7502-4CFB-BD1F-CE7F7C968761}.Debug|Any CPU.ActiveCfg = Debug|Any CPU
		{DB90B668-7502-4CFB-BD1F-CE7F7C968761}.Debug|Any CPU.Build.0 = Debug|Any CPU
		{DB90B668-7502-4CFB-BD1F-CE7F7C968761}.Release|Any CPU.ActiveCfg = Release|Any CPU
		{DB90B668-7502-4CFB-BD1F-CE7F7C968761}.Release|Any CPU.Build.0 = Release|Any CPU
	EndGlobalSection
	GlobalSection(SolutionProperties) = preSolution
		HideSolutionNode = FALSE
	EndGlobalSection
	GlobalSection(ExtensibilityGlobals) = postSolution
		SolutionGuid = {79604A5D-69E4-4154-9F50-53153002EB3E}
	EndGlobalSection
EndGlobal
