
Microsoft Visual Studio Solution File, Format Version 12.00
# Visual Studio Version 17
VisualStudioVersion = 17.11.35219.272
MinimumVisualStudioVersion = 10.0.40219.1
Project("{9A19103F-16F7-4668-BE54-9A1E7A4F7556}") = "function-app-retry", "function-app-retry.csproj", "{D9A9606D-8309-4F77-95A8-27601605F70B}"
EndProject
Global
	GlobalSection(SolutionConfigurationPlatforms) = preSolution
		Debug|Any CPU = Debug|Any CPU
		Release|Any CPU = Release|Any CPU
	EndGlobalSection
	GlobalSection(ProjectConfigurationPlatforms) = postSolution
		{D9A9606D-8309-4F77-95A8-27601605F70B}.Debug|Any CPU.ActiveCfg = Debug|Any CPU
		{D9A9606D-8309-4F77-95A8-27601605F70B}.Debug|Any CPU.Build.0 = Debug|Any CPU
		{D9A9606D-8309-4F77-95A8-27601605F70B}.Release|Any CPU.ActiveCfg = Release|Any CPU
		{D9A9606D-8309-4F77-95A8-27601605F70B}.Release|Any CPU.Build.0 = Release|Any CPU
	EndGlobalSection
	GlobalSection(SolutionProperties) = preSolution
		HideSolutionNode = FALSE
	EndGlobalSection
	GlobalSection(ExtensibilityGlobals) = postSolution
		SolutionGuid = {534B79BC-7AC6-43E9-9F4A-BEA531DAD67A}
	EndGlobalSection
EndGlobal
